
Microsoft Visual Studio Solution File, Format Version 12.00
# Visual Studio 15
VisualStudioVersion = 15.0.27428.2037
MinimumVisualStudioVersion = 10.0.40219.1
Project("{FAE04EC0-301F-11D3-BF4B-00C04F79EFBC}") = "WindowsML_MobileNet", "WindowsML_MobileNet\WindowsML_MobileNet.csproj", "{CF1753D9-5821-4C6A-8A6A-7A36A852F9B9}"
EndProject
Global
	GlobalSection(SolutionConfigurationPlatforms) = preSolution
		Debug|ARM = Debug|ARM
		Debug|x64 = Debug|x64
		Debug|x86 = Debug|x86
		Release|ARM = Release|ARM
		Release|x64 = Release|x64
		Release|x86 = Release|x86
	EndGlobalSection
	GlobalSection(ProjectConfigurationPlatforms) = postSolution
		{CF1753D9-5821-4C6A-8A6A-7A36A852F9B9}.Debug|ARM.ActiveCfg = Debug|ARM
		{CF1753D9-5821-4C6A-8A6A-7A36A852F9B9}.Debug|ARM.Build.0 = Debug|ARM
		{CF1753D9-5821-4C6A-8A6A-7A36A852F9B9}.Debug|ARM.Deploy.0 = Debug|ARM
		{CF1753D9-5821-4C6A-8A6A-7A36A852F9B9}.Debug|x64.ActiveCfg = Debug|x64
		{CF1753D9-5821-4C6A-8A6A-7A36A852F9B9}.Debug|x64.Build.0 = Debug|x64
		{CF1753D9-5821-4C6A-8A6A-7A36A852F9B9}.Debug|x64.Deploy.0 = Debug|x64
		{CF1753D9-5821-4C6A-8A6A-7A36A852F9B9}.Debug|x86.ActiveCfg = Debug|x86
		{CF1753D9-5821-4C6A-8A6A-7A36A852F9B9}.Debug|x86.Build.0 = Debug|x86
		{CF1753D9-5821-4C6A-8A6A-7A36A852F9B9}.Debug|x86.Deploy.0 = Debug|x86
		{CF1753D9-5821-4C6A-8A6A-7A36A852F9B9}.Release|ARM.ActiveCfg = Release|ARM
		{CF1753D9-5821-4C6A-8A6A-7A36A852F9B9}.Release|ARM.Build.0 = Release|ARM
		{CF1753D9-5821-4C6A-8A6A-7A36A852F9B9}.Release|ARM.Deploy.0 = Release|ARM
		{CF1753D9-5821-4C6A-8A6A-7A36A852F9B9}.Release|x64.ActiveCfg = Release|x64
		{CF1753D9-5821-4C6A-8A6A-7A36A852F9B9}.Release|x64.Build.0 = Release|x64
		{CF1753D9-5821-4C6A-8A6A-7A36A852F9B9}.Release|x64.Deploy.0 = Release|x64
		{CF1753D9-5821-4C6A-8A6A-7A36A852F9B9}.Release|x86.ActiveCfg = Release|x86
		{CF1753D9-5821-4C6A-8A6A-7A36A852F9B9}.Release|x86.Build.0 = Release|x86
		{CF1753D9-5821-4C6A-8A6A-7A36A852F9B9}.Release|x86.Deploy.0 = Release|x86
	EndGlobalSection
	GlobalSection(SolutionProperties) = preSolution
		HideSolutionNode = FALSE
	EndGlobalSection
	GlobalSection(ExtensibilityGlobals) = postSolution
		SolutionGuid = {69F73BF2-7242-4879-B00F-0E463119F1C2}
	EndGlobalSection
EndGlobal
